{
  "name": "@writetome51/open-array-item-getter-remover",
  "version": "1.0.1",
  "lockfileVersion": 1,
  "requires": true,
  "dependencies": {
    "@writetome51/adjacent-to-value-info-interface": {
      "version": "1.0.1",
      "resolved": "https://registry.npmjs.org/@writetome51/adjacent-to-value-info-interface/-/adjacent-to-value-info-interface-1.0.1.tgz",
      "integrity": "sha512-IQl1TMkZX6Z1Qzru/RRb1oLCtpWLjzWBa9A3DC/Bpwv6Ff1+0oeGreMCTR6H1h5toApxGtDuGWUO8HqjipPwqQ=="
    },
    "@writetome51/array-and-index-validation": {
      "version": "1.0.2",
      "resolved": "https://registry.npmjs.org/@writetome51/array-and-index-validation/-/array-and-index-validation-1.0.2.tgz",
      "integrity": "sha512-KHeEgYH93DLtHlEPryaabfIDdTx4mhmy98xsxlA9wvEjmu5yjM4XzjhLRIQlqzOCjEpwKJZT5Zs/hDXWcHA68g==",
      "requires": {
        "basic-data-handling": "^1.0.12"
      }
    },
    "@writetome51/array-get-adjacent-at": {
      "version": "1.0.0",
      "resolved": "https://registry.npmjs.org/@writetome51/array-get-adjacent-at/-/array-get-adjacent-at-1.0.0.tgz",
      "integrity": "sha512-X0zdgXNSKDJW5QSJfZmeDPeH7+y/JBYgqaqP2JZ3xR0VH07JbyfWg/UTnbRXUWM3Trx43sFfiOdmp6M9UlDjNQ==",
      "requires": {
        "@writetome51/array-and-index-validation": "^1.0.2",
        "basic-data-handling": "^1.0.12"
      }
    },
    "@writetome51/array-get-and-remove-adjacent-at": {
      "version": "1.0.1",
      "resolved": "https://registry.npmjs.org/@writetome51/array-get-and-remove-adjacent-at/-/array-get-and-remove-adjacent-at-1.0.1.tgz",
      "integrity": "sha512-GI6FSZfyMAiih5ST65Ney94Kpt5uy5gfqw0KcqTFZIgKqD4X7Rq7TTfAv4jRZgzbHN+4+byzLVcRs5/ntvPp0w==",
      "requires": {
        "@writetome51/array-and-index-validation": "^1.0.2"
      }
    },
    "@writetome51/array-get-and-remove-adjacent-to-value": {
      "version": "1.0.1",
      "resolved": "https://registry.npmjs.org/@writetome51/array-get-and-remove-adjacent-to-value/-/array-get-and-remove-adjacent-to-value-1.0.1.tgz",
      "integrity": "sha512-jXLSPUU15ZmbMWmIZj3JHfZf0DAee4rk1pc9wakRX1relGlz/I4NT0RZ0ZzphwaEpniKpOEIZVnvq/BnHFdqnA==",
      "requires": {
        "@writetome51/adjacent-to-value-info-interface": "^1.0.1",
        "@writetome51/array-and-index-validation": "^1.0.2",
        "@writetome51/array-get-and-remove-adjacent-at": "^1.0.1",
        "@writetome51/array-get-indexes-basic": "^1.0.5"
      }
    },
    "@writetome51/array-get-and-remove-all-after": {
      "version": "1.0.1",
      "resolved": "https://registry.npmjs.org/@writetome51/array-get-and-remove-all-after/-/array-get-and-remove-all-after-1.0.1.tgz",
      "integrity": "sha512-slax2yllKfRFyGA+87ttFvNiNrkuWOatSK+TLjgFthTheHxhgjbrYtBAbpM1xf0pzErMLHf1Q/L2JsE20sPVOQ==",
      "requires": {
        "@writetome51/array-get-and-remove-all-before-or-after": "^1.0.1"
      }
    },
    "@writetome51/array-get-and-remove-all-before": {
      "version": "1.0.0",
      "resolved": "https://registry.npmjs.org/@writetome51/array-get-and-remove-all-before/-/array-get-and-remove-all-before-1.0.0.tgz",
      "integrity": "sha512-c0Ddh7F1t02tnUy+ImwVvq5xHnTCYl8rUmWO9c5jtm2PTC1M81WtAkoXWYG/4FiWpgsTtD1AnmrLuGWlPTo3yg==",
      "requires": {
        "@writetome51/array-get-and-remove-all-before-or-after": "^1.0.1"
      }
    },
    "@writetome51/array-get-and-remove-all-before-or-after": {
      "version": "1.0.1",
      "resolved": "https://registry.npmjs.org/@writetome51/array-get-and-remove-all-before-or-after/-/array-get-and-remove-all-before-or-after-1.0.1.tgz",
      "integrity": "sha512-1M5ydxNzc8ftj0FXjY0r2j1XjkYNCuAC7+88FcHi52ZPZhNN3eqBSvwR8vXklFmVQnH7UqkmLCIHIK6NhSA3FQ==",
      "requires": {
        "@writetome51/array-and-index-validation": "^1.0.2",
        "@writetome51/array-get-and-remove-head-tail": "^1.0.0",
        "@writetome51/array-get-indexes-basic": "^1.0.5",
        "@writetome51/array-get-indexes-intermediate": "^1.0.3"
      }
    },
    "@writetome51/array-get-and-remove-between": {
      "version": "1.0.0",
      "resolved": "https://registry.npmjs.org/@writetome51/array-get-and-remove-between/-/array-get-and-remove-between-1.0.0.tgz",
      "integrity": "sha512-Xs3OzbZ3SJWiEEVE4gJ1ysxWP33L/z1fPA0vU0jmkSIkcWR5+b7dNDKlW/vR39TebUUBHZYXCOInip29PGGVZg==",
      "requires": {
        "@writetome51/array-get-and-remove-adjacent-at": "^1.0.1",
        "basic-data-handling": "^1.0.12"
      }
    },
    "@writetome51/array-get-and-remove-duplicates": {
      "version": "1.0.1",
      "resolved": "https://registry.npmjs.org/@writetome51/array-get-and-remove-duplicates/-/array-get-and-remove-duplicates-1.0.1.tgz",
      "integrity": "sha512-403I2CFVi0h/T2AM9d7/jGD6f1UeAmeKz92OQ/EoFE1UYYxwh4Jn4QKYt2yaibbAa/tEKpAqKr5O28h2gv0b4w==",
      "requires": {
        "@writetome51/array-get-duplicates": "^1.0.0",
        "@writetome51/array-remove-all-of-first-of": "^1.0.1",
        "basic-data-handling": "^1.0.12"
      }
    },
    "@writetome51/array-get-and-remove-filtered-results": {
      "version": "1.0.2",
      "resolved": "https://registry.npmjs.org/@writetome51/array-get-and-remove-filtered-results/-/array-get-and-remove-filtered-results-1.0.2.tgz",
      "integrity": "sha512-Ug57J6l38g7ukb1K5kybnIZYQAbVzcQfB6i+hjhWfi0ADJ4HDtOeOgD1chHnwv9skiK51fyqo5KoDIONp8TvtA==",
      "requires": {
        "@writetome51/array-get-filtered-results": "^1.0.1",
        "@writetome51/array-remove-all-of-first-of": "^1.0.1",
        "basic-data-handling": "^1.0.12"
      }
    },
    "@writetome51/array-get-and-remove-head-tail": {
      "version": "1.0.0",
      "resolved": "https://registry.npmjs.org/@writetome51/array-get-and-remove-head-tail/-/array-get-and-remove-head-tail-1.0.0.tgz",
      "integrity": "sha512-7PtL/LVXCfWlvaMHDYubujLnVa7iKkmCYG/QSFpP+C0IXFpH6VHq7Zas2WSYhOcXwsB1Awdaymev85GNTM4wzg==",
      "requires": {
        "@writetome51/array-and-index-validation": "^1.0.2",
        "@writetome51/array-get-and-remove-adjacent-at": "^1.0.1",
        "basic-data-handling": "^1.0.12"
      }
    },
    "@writetome51/array-get-and-remove-item": {
      "version": "1.0.1",
      "resolved": "https://registry.npmjs.org/@writetome51/array-get-and-remove-item/-/array-get-and-remove-item-1.0.1.tgz",
      "integrity": "sha512-O+MO0dByaOl6rpw/ttrNIPDY6j1U5HKUQR9/iqI90EllXCgk6Mg3SjbVZDOfE0yIbyRAH3CIDDlj5gt0yK4olw==",
      "requires": {
        "@writetome51/array-get-and-remove-adjacent-at": "^1.0.1"
      }
    },
    "@writetome51/array-get-duplicates": {
      "version": "1.0.0",
      "resolved": "https://registry.npmjs.org/@writetome51/array-get-duplicates/-/array-get-duplicates-1.0.0.tgz",
      "integrity": "sha512-VBLxxr3uQzsuKVHjJrry0OmjaLA8LcVElLCMnFU8S9LUdu40hJvNCt9RrHdSF0p3iOfJ1l+iMhIa7ETT53h63w==",
      "requires": {
        "@writetome51/array-get-indexes-intermediate": "^1.0.3",
        "@writetome51/array-get-unique-items": "^1.0.1",
        "basic-data-handling": "^1.0.12"
      }
    },
    "@writetome51/array-get-filtered-results": {
      "version": "1.0.1",
      "resolved": "https://registry.npmjs.org/@writetome51/array-get-filtered-results/-/array-get-filtered-results-1.0.1.tgz",
      "integrity": "sha512-arM2MFEubNXKQrgolkvTNdo29zBN4L7g77WjYgJ7IRhv5FLjenYsGjo2i9N/6a6BsK6+J/KrkimdbYOd46Ch4w==",
      "requires": {
        "basic-data-handling": "^1.0.12"
      }
    },
    "@writetome51/array-get-indexes-basic": {
      "version": "1.0.5",
      "resolved": "https://registry.npmjs.org/@writetome51/array-get-indexes-basic/-/array-get-indexes-basic-1.0.5.tgz",
      "integrity": "sha512-AG9IsuqRdFqK4ifDiiJ9YMQjo5JRNIlpXAgAn+3DfwN0uy02oLsvci9N2UQBruLKsXFEoAIPxrOtbZOVvK/dfg==",
      "requires": {
        "@writetome51/arrays-match": "^1.0.1",
        "basic-data-handling": "^1.0.12",
        "error-if-not-primitive-or-array": "^1.0.0",
        "error-if-values-are-not-arrays": "^1.0.0"
      }
    },
    "@writetome51/array-get-indexes-intermediate": {
      "version": "1.0.3",
      "resolved": "https://registry.npmjs.org/@writetome51/array-get-indexes-intermediate/-/array-get-indexes-intermediate-1.0.3.tgz",
      "integrity": "sha512-l3B8888AUZh2/elAcdzS7USJV/kGCT2IAkEEJ6Y7oHbIZLQ8G0ieFYBZ5P2MB7KC1zY3RCeWaj1QyhqAuLSMyw==",
      "requires": {
        "@writetome51/array-get-indexes-basic": "^1.0.5",
        "@writetome51/arrays-match": "^1.0.1",
        "basic-data-handling": "^1.0.12",
        "error-if-not-primitive-or-array": "^1.0.0"
      }
    },
    "@writetome51/array-get-unique-items": {
      "version": "1.0.1",
      "resolved": "https://registry.npmjs.org/@writetome51/array-get-unique-items/-/array-get-unique-items-1.0.1.tgz",
      "integrity": "sha512-Mkw8nJ427ixdWb8HTA+dN4rWWk/yeh7M5hz1++JoBSGBd+1ZM39ixetIMju1V414bXRJpVCVCnjJLK2N5PfkGQ==",
      "requires": {
        "@writetome51/array-has": "^1.0.2",
        "@writetome51/arrays-match": "^1.0.1",
        "@writetome51/not": "^1.0.3",
        "basic-data-handling": "^1.0.12"
      }
    },
    "@writetome51/array-has": {
      "version": "1.0.2",
      "resolved": "https://registry.npmjs.org/@writetome51/array-has/-/array-has-1.0.2.tgz",
      "integrity": "sha512-YWnhmC8QSjde83zgOJSaUzkdhin7kt33/ZKIivhS7o40y7ywpi7T3x1XkyCHk9AIUq/Q+swbrAnBW3MHRFXm8g==",
      "requires": {
        "@writetome51/array-get-adjacent-at": "^1.0.0",
        "@writetome51/array-get-indexes-intermediate": "^1.0.3",
        "@writetome51/arrays-match": "^1.0.1",
        "basic-data-handling": "^1.0.12"
      }
    },
    "@writetome51/array-remove-all-of-first-of": {
      "version": "1.0.1",
      "resolved": "https://registry.npmjs.org/@writetome51/array-remove-all-of-first-of/-/array-remove-all-of-first-of-1.0.1.tgz",
      "integrity": "sha512-6LgjGStEotUcl9WzRNPgPEU2+qTS+0jjtnfxlfCc+8NBUWazcvpaLAx4uEChWkp5NcxsFhn/GY0yf5O0hfDaJQ==",
      "requires": {
        "@writetome51/array-get-indexes-basic": "^1.0.5",
        "@writetome51/array-has": "^1.0.2",
        "@writetome51/array-remove-item": "^1.0.1",
        "error-if-not-populated-array": "^1.0.0"
      }
    },
    "@writetome51/array-remove-item": {
      "version": "1.0.1",
      "resolved": "https://registry.npmjs.org/@writetome51/array-remove-item/-/array-remove-item-1.0.1.tgz",
      "integrity": "sha512-vDmr3DiiG05GcvUxnrpuG49Dd0ybYspvC6WDA9xT2oNPBCveWmjYH7UDevx3+2J3tzeKGiqHgNzjypIDs8FfuQ==",
      "requires": {
        "@writetome51/array-get-and-remove-item": "^1.0.1"
      }
    },
    "@writetome51/arrays-match": {
      "version": "1.0.1",
      "resolved": "https://registry.npmjs.org/@writetome51/arrays-match/-/arrays-match-1.0.1.tgz",
      "integrity": "sha512-t3zYAJUQwqKK5PNqjXopxpgnIVmlDcyfe2FjbRc+HrXpY333lwIzzBjy29SjvM1CF/dW72uxmk577Lpp/WctUw==",
      "requires": {
        "basic-data-handling": "^1.0.12",
        "error-if-values-are-not-arrays": "^1.0.0"
      }
    },
    "@writetome51/not": {
      "version": "1.0.3",
      "resolved": "https://registry.npmjs.org/@writetome51/not/-/not-1.0.3.tgz",
      "integrity": "sha512-MJrh50byG0cBuqhrSRMYxGGmYr5BVb7T6OmFeqL8pFuNUFh/lUIXFXScsYM0jlVYmKDhnYJg+QZTOFvvCdzuRw=="
    },
    "@writetome51/open-array-container": {
      "version": "1.0.0",
      "resolved": "https://registry.npmjs.org/@writetome51/open-array-container/-/open-array-container-1.0.0.tgz",
      "integrity": "sha512-RfRsDNLfr4JViKQToGoS/9L6kFypwWzsP5mErNHQ/QtoDYQXZEk1tT/a13iEBPBtn8jxYwsF2lWdS6XD7f1FWA==",
      "requires": {
        "basic-data-handling": "^1.0.12",
        "batch-getter-setter": "^1.0.0",
        "open-data-container-interface": "^1.0.0"
      }
    },
    "basic-data-handling": {
      "version": "1.0.12",
      "resolved": "https://registry.npmjs.org/basic-data-handling/-/basic-data-handling-1.0.12.tgz",
      "integrity": "sha512-zeWSs51vDmRqvDkIewERsygFb5NDT24QbZZvZ7fz/Wusxy1yHvPDOhE46lJiBE+l+1CEQv96ZUES4IFvbRGMvA=="
    },
    "batch-getter-setter": {
      "version": "1.0.0",
      "resolved": "https://registry.npmjs.org/batch-getter-setter/-/batch-getter-setter-1.0.0.tgz",
      "integrity": "sha512-o4a6NURLje2lxgngkTknmT4DKv4pAekj+1YqU0UIPNmeAMW2SvyaNqeCVcA0x5pkTYcSu/0bvMGzSc4e3H8H1g==",
      "requires": {
        "method-chainable": "^1.0.0"
      }
    },
    "error-if-not-populated-array": {
      "version": "1.0.0",
      "resolved": "https://registry.npmjs.org/error-if-not-populated-array/-/error-if-not-populated-array-1.0.0.tgz",
      "integrity": "sha512-MFSzXiKW7NfuDW4L1Cw6BO5Fb65I0poOefRNTEoa40UdpzljNHQnfchVr2bNjqboxRrEHcYBIz85mxCC+wSrFg==",
      "requires": {
        "basic-data-handling": "^1.0.12"
      }
    },
    "error-if-not-primitive-or-array": {
      "version": "1.0.0",
      "resolved": "https://registry.npmjs.org/error-if-not-primitive-or-array/-/error-if-not-primitive-or-array-1.0.0.tgz",
      "integrity": "sha512-qYK8Pn22vPRHn+GBZMMYXEilIo5LwwVZ0ZwzuyQ5ZgA5Y2bdmE09S1YLVUOrkd0mcBBGBPIb8rBPqgtSAECPYQ==",
      "requires": {
        "basic-data-handling": "^1.0.12"
      }
    },
    "error-if-values-are-not-arrays": {
      "version": "1.0.0",
      "resolved": "https://registry.npmjs.org/error-if-values-are-not-arrays/-/error-if-values-are-not-arrays-1.0.0.tgz",
      "integrity": "sha512-Q1KHFzQWIZXb62qb259NRjcfE1UKa7CZVKGU8zgUoejYW++wpz/vIa5GvscNzigbO2jMgDXRlHxPC59aU7pP0w==",
      "requires": {
        "basic-data-handling": "^1.0.12"
      }
    },
    "method-chainable": {
      "version": "1.0.0",
      "resolved": "https://registry.npmjs.org/method-chainable/-/method-chainable-1.0.0.tgz",
      "integrity": "sha512-h1CpqXp1BFqFAlkQL6lydba1Qh/iLj1TjLZzQgCwfzahGF1oTT9ry5YWIbdDyQ3hqMpS5OM8rIEb/Hiz2L9N7Q==",
      "requires": {
        "self-identifiable": "^1.0.1"
      }
    },
    "open-data-container-interface": {
      "version": "1.0.0",
      "resolved": "https://registry.npmjs.org/open-data-container-interface/-/open-data-container-interface-1.0.0.tgz",
      "integrity": "sha512-IYE3nUic2oHS4wUsNtZAEBrJCIGe7CchoPDvpoYcHuZjib7pFaYbLMjVoixusQhtutwmlCreu/FDqGWk9OjW+w=="
    },
    "self-identifiable": {
      "version": "1.0.1",
      "resolved": "https://registry.npmjs.org/self-identifiable/-/self-identifiable-1.0.1.tgz",
      "integrity": "sha512-I3Rvcu0CKKBbRZJ/rS1PGY5vc/DFDW9/ioYNgPueR5bMds/qdpDMHNhlYT9fb7nDms6X6k3F5lJAL9j7M17pbQ=="
    }
  }
}
